// !$*UTF8*$!
{
	archiveVersion = 1;
	classes = {
	};
	objectVersion = 50;
	objects = {

/* Begin PBXBuildFile section */
		18AC70D9210209A100A164C9 /* AppDelegate.swift in Sources */ = {isa = PBXBuildFile; fileRef = 18AC70D8210209A100A164C9 /* AppDelegate.swift */; };
		18AC70DB210209A100A164C9 /* ViewController.swift in Sources */ = {isa = PBXBuildFile; fileRef = 18AC70DA210209A100A164C9 /* ViewController.swift */; };
		18AC70DE210209A200A164C9 /* Main.storyboard in Resources */ = {isa = PBXBuildFile; fileRef = 18AC70DC210209A200A164C9 /* Main.storyboard */; };
		18AC70E0210209A300A164C9 /* Assets.xcassets in Resources */ = {isa = PBXBuildFile; fileRef = 18AC70DF210209A300A164C9 /* Assets.xcassets */; };
		18AC70E3210209A300A164C9 /* LaunchScreen.storyboard in Resources */ = {isa = PBXBuildFile; fileRef = 18AC70E1210209A300A164C9 /* LaunchScreen.storyboard */; };
		18AC70EC21020BC300A164C9 /* YJSliderView.swift in Sources */ = {isa = PBXBuildFile; fileRef = 18AC70EB21020BC300A164C9 /* YJSliderView.swift */; };
		18AC70EE21020D5400A164C9 /* Config.swift in Sources */ = {isa = PBXBuildFile; fileRef = 18AC70ED21020D5400A164C9 /* Config.swift */; };
		18AC70F021020EDB00A164C9 /* UIColor+Extension.swift in Sources */ = {isa = PBXBuildFile; fileRef = 18AC70EF21020EDB00A164C9 /* UIColor+Extension.swift */; };
		D5490F641560A0B53814E3EC /* Pods_YJSliderView.framework in Frameworks */ = {isa = PBXBuildFile; fileRef = C20B638E67D6803766CF6623 /* Pods_YJSliderView.framework */; };
/* End PBXBuildFile section */

/* Begin PBXFileReference section */
		18AC70D5210209A100A164C9 /* YJSliderView.app */ = {isa = PBXFileReference; explicitFileType = wrapper.application; includeInIndex = 0; path = YJSliderView.app; sourceTree = BUILT_PRODUCTS_DIR; };
		18AC70D8210209A100A164C9 /* AppDelegate.swift */ = {isa = PBXFileReference; lastKnownFileType = sourcecode.swift; path = AppDelegate.swift; sourceTree = "<group>"; };
		18AC70DA210209A100A164C9 /* ViewController.swift */ = {isa = PBXFileReference; lastKnownFileType = sourcecode.swift; path = ViewController.swift; sourceTree = "<group>"; };
		18AC70DD210209A200A164C9 /* Base */ = {isa = PBXFileReference; lastKnownFileType = file.storyboard; name = Base; path = Base.lproj/Main.storyboard; sourceTree = "<group>"; };
		18AC70DF210209A300A164C9 /* Assets.xcassets */ = {isa = PBXFileReference; lastKnownFileType = folder.assetcatalog; path = Assets.xcassets; sourceTree = "<group>"; };
		18AC70E2210209A300A164C9 /* Base */ = {isa = PBXFileReference; lastKnownFileType = file.storyboard; name = Base; path = Base.lproj/LaunchScreen.storyboard; sourceTree = "<group>"; };
		18AC70E4210209A300A164C9 /* Info.plist */ = {isa = PBXFileReference; lastKnownFileType = text.plist.xml; path = Info.plist; sourceTree = "<group>"; };
		18AC70EB21020BC300A164C9 /* YJSliderView.swift */ = {isa = PBXFileReference; lastKnownFileType = sourcecode.swift; path = YJSliderView.swift; sourceTree = "<group>"; };
		18AC70ED21020D5400A164C9 /* Config.swift */ = {isa = PBXFileReference; lastKnownFileType = sourcecode.swift; path = Config.swift; sourceTree = "<group>"; };
		18AC70EF21020EDB00A164C9 /* UIColor+Extension.swift */ = {isa = PBXFileReference; lastKnownFileType = sourcecode.swift; path = "UIColor+Extension.swift"; sourceTree = "<group>"; };
		85C01FF1B5295D69092DB689 /* Pods-YJSliderView.debug.xcconfig */ = {isa = PBXFileReference; includeInIndex = 1; lastKnownFileType = text.xcconfig; name = "Pods-YJSliderView.debug.xcconfig"; path = "Pods/Target Support Files/Pods-YJSliderView/Pods-YJSliderView.debug.xcconfig"; sourceTree = "<group>"; };
		A32777EA9ED887DC47B229F1 /* Pods-YJSliderView.release.xcconfig */ = {isa = PBXFileReference; includeInIndex = 1; lastKnownFileType = text.xcconfig; name = "Pods-YJSliderView.release.xcconfig"; path = "Pods/Target Support Files/Pods-YJSliderView/Pods-YJSliderView.release.xcconfig"; sourceTree = "<group>"; };
		C20B638E67D6803766CF6623 /* Pods_YJSliderView.framework */ = {isa = PBXFileReference; explicitFileType = wrapper.framework; includeInIndex = 0; path = Pods_YJSliderView.framework; sourceTree = BUILT_PRODUCTS_DIR; };
/* End PBXFileReference section */

/* Begin PBXFrameworksBuildPhase section */
		18AC70D2210209A100A164C9 /* Frameworks */ = {
			isa = PBXFrameworksBuildPhase;
			buildActionMask = 2147483647;
			files = (
				D5490F641560A0B53814E3EC /* Pods_YJSliderView.framework in Frameworks */,
			);
			runOnlyForDeploymentPostprocessing = 0;
		};
/* End PBXFrameworksBuildPhase section */

/* Begin PBXGroup section */
		18AC70CC210209A100A164C9 = {
			isa = PBXGroup;
			children = (
				18AC70D7210209A100A164C9 /* YJSliderView */,
				18AC70D6210209A100A164C9 /* Products */,
				707E11BE57B98596F05E1666 /* Pods */,
				E989F279D3D9F93903139D3D /* Frameworks */,
			);
			sourceTree = "<group>";
		};
		18AC70D6210209A100A164C9 /* Products */ = {
			isa = PBXGroup;
			children = (
				18AC70D5210209A100A164C9 /* YJSliderView.app */,
			);
			name = Products;
			sourceTree = "<group>";
		};
		18AC70D7210209A100A164C9 /* YJSliderView */ = {
			isa = PBXGroup;
			children = (
				18AC70EA21020BA100A164C9 /* YJSliderView */,
				18AC70D8210209A100A164C9 /* AppDelegate.swift */,
				18AC70DA210209A100A164C9 /* ViewController.swift */,
				18AC70DC210209A200A164C9 /* Main.storyboard */,
				18AC70DF210209A300A164C9 /* Assets.xcassets */,
				18AC70E1210209A300A164C9 /* LaunchScreen.storyboard */,
				18AC70E4210209A300A164C9 /* Info.plist */,
			);
			path = YJSliderView;
			sourceTree = "<group>";
		};
		18AC70EA21020BA100A164C9 /* YJSliderView */ = {
			isa = PBXGroup;
			children = (
				18AC70EB21020BC300A164C9 /* YJSliderView.swift */,
				18AC70ED21020D5400A164C9 /* Config.swift */,
				18AC70EF21020EDB00A164C9 /* UIColor+Extension.swift */,
			);
			path = YJSliderView;
			sourceTree = "<group>";
		};
		707E11BE57B98596F05E1666 /* Pods */ = {
			isa = PBXGroup;
			children = (
				85C01FF1B5295D69092DB689 /* Pods-YJSliderView.debug.xcconfig */,
				A32777EA9ED887DC47B229F1 /* Pods-YJSliderView.release.xcconfig */,
			);
			name = Pods;
			sourceTree = "<group>";
		};
		E989F279D3D9F93903139D3D /* Frameworks */ = {
			isa = PBXGroup;
			children = (
				C20B638E67D6803766CF6623 /* Pods_YJSliderView.framework */,
			);
			name = Frameworks;
			sourceTree = "<group>";
		};
/* End PBXGroup section */

/* Begin PBXNativeTarget section */
		18AC70D4210209A100A164C9 /* YJSliderView */ = {
			isa = PBXNativeTarget;
			buildConfigurationList = 18AC70E7210209A300A164C9 /* Build configuration list for PBXNativeTarget "YJSliderView" */;
			buildPhases = (
				7AD48A7FE738C2B5EEE83109 /* [CP] Check Pods Manifest.lock */,
				18AC70D1210209A100A164C9 /* Sources */,
				18AC70D2210209A100A164C9 /* Frameworks */,
				18AC70D3210209A100A164C9 /* Resources */,
				A5E58132E789348B568120BC /* [CP] Embed Pods Frameworks */,
			);
			buildRules = (
			);
			dependencies = (
			);
			name = YJSliderView;
			productName = YJSliderView;
			productReference = 18AC70D5210209A100A164C9 /* YJSliderView.app */;
			productType = "com.apple.product-type.application";
		};
/* End PBXNativeTarget section */

/* Begin PBXProject section */
		18AC70CD210209A100A164C9 /* Project object */ = {
			isa = PBXProject;
			attributes = {
				LastSwiftUpdateCheck = 0940;
				LastUpgradeCheck = 0940;
				ORGANIZATIONNAME = Leo;
				TargetAttributes = {
					18AC70D4210209A100A164C9 = {
						CreatedOnToolsVersion = 9.4.1;
					};
				};
			};
			buildConfigurationList = 18AC70D0210209A100A164C9 /* Build configuration list for PBXProject "YJSliderView" */;
			compatibilityVersion = "Xcode 9.3";
			developmentRegion = en;
			hasScannedForEncodings = 0;
			knownRegions = (
				en,
				Base,
			);
			mainGroup = 18AC70CC210209A100A164C9;
			productRefGroup = 18AC70D6210209A100A164C9 /* Products */;
			projectDirPath = "";
			projectRoot = "";
			targets = (
				18AC70D4210209A100A164C9 /* YJSliderView */,
			);
		};
/* End PBXProject section */

/* Begin PBXResourcesBuildPhase section */
		18AC70D3210209A100A164C9 /* Resources */ = {
			isa = PBXResourcesBuildPhase;
			buildActionMask = 2147483647;
			files = (
				18AC70E3210209A300A164C9 /* LaunchScreen.storyboard in Resources */,
				18AC70E0210209A300A164C9 /* Assets.xcassets in Resources */,
				18AC70DE210209A200A164C9 /* Main.storyboard in Resources */,
			);
			runOnlyForDeploymentPostprocessing = 0;
		};
/* End PBXResourcesBuildPhase section */

/* Begin PBXShellScriptBuildPhase section */
		7AD48A7FE738C2B5EEE83109 /* [CP] Check Pods Manifest.lock */ = {
			isa = PBXShellScriptBuildPhase;
			buildActionMask = 2147483647;
			files = (
			);
			inputPaths = (
				"${PODS_PODFILE_DIR_PATH}/Podfile.lock",
				"${PODS_ROOT}/Manifest.lock",
			);
			name = "[CP] Check Pods Manifest.lock";
			outputPaths = (
				"$(DERIVED_FILE_DIR)/Pods-YJSliderView-checkManifestLockResult.txt",
			);
			runOnlyForDeploymentPostprocessing = 0;
			shellPath = /bin/sh;
			shellScript = "diff \"${PODS_PODFILE_DIR_PATH}/Podfile.lock\" \"${PODS_ROOT}/Manifest.lock\" > /dev/null\nif [ $? != 0 ] ; then\n    # print error to STDERR\n    echo \"error: The sandbox is not in sync with the Podfile.lock. Run 'pod install' or update your CocoaPods installation.\" >&2\n    exit 1\nfi\n# This output is used by Xcode 'outputs' to avoid re-running this script phase.\necho \"SUCCESS\" > \"${SCRIPT_OUTPUT_FILE_0}\"\n";
			showEnvVarsInLog = 0;
		};
		A5E58132E789348B568120BC /* [CP] Embed Pods Frameworks */ = {
			isa = PBXShellScriptBuildPhase;
			buildActionMask = 2147483647;
			files = (
			);
			inputPaths = (
				"${SRCROOT}/Pods/Target Support Files/Pods-YJSliderView/Pods-YJSliderView-frameworks.sh",
				"${BUILT_PRODUCTS_DIR}/SnapKit/SnapKit.framework",
			);
			name = "[CP] Embed Pods Frameworks";
			outputPaths = (
				"${TARGET_BUILD_DIR}/${FRAMEWORKS_FOLDER_PATH}/SnapKit.framework",
			);
			runOnlyForDeploymentPostprocessing = 0;
			shellPath = /bin/sh;
			shellScript = "\"${SRCROOT}/Pods/Target Support Files/Pods-YJSliderView/Pods-YJSliderView-frameworks.sh\"\n";
			showEnvVarsInLog = 0;
		};
/* End PBXShellScriptBuildPhase section */

/* Begin PBXSourcesBuildPhase section */
		18AC70D1210209A100A164C9 /* Sources */ = {
			isa = PBXSourcesBuildPhase;
			buildActionMask = 2147483647;
			files = (
				18AC70DB210209A100A164C9 /* ViewController.swift in Sources */,
				18AC70EE21020D5400A164C9 /* Config.swift in Sources */,
				18AC70EC21020BC300A164C9 /* YJSliderView.swift in Sources */,
				18AC70D9210209A100A164C9 /* AppDelegate.swift in Sources */,
				18AC70F021020EDB00A164C9 /* UIColor+Extension.swift in Sources */,
			);
			runOnlyForDeploymentPostprocessing = 0;
		};
/* End PBXSourcesBuildPhase section */

/* Begin PBXVariantGroup section */
		18AC70DC210209A200A164C9 /* Main.storyboard */ = {
			isa = PBXVariantGroup;
			children = (
				18AC70DD210209A200A164C9 /* Base */,
			);
			name = Main.storyboard;
			sourceTree = "<group>";
		};
		18AC70E1210209A300A164C9 /* LaunchScreen.storyboard */ = {
			isa = PBXVariantGroup;
			children = (
				18AC70E2210209A300A164C9 /* Base */,
			);
			name = LaunchScreen.storyboard;
			sourceTree = "<group>";
		};
/* End PBXVariantGroup section */

/* Begin XCBuildConfiguration section */
		18AC70E5210209A300A164C9 /* Debug */ = {
			isa = XCBuildConfiguration;
			buildSettings = {
				ALWAYS_SEARCH_USER_PATHS = NO;
				CLANG_ANALYZER_NONNULL = YES;
				CLANG_ANALYZER_NUMBER_OBJECT_CONVERSION = YES_AGGRESSIVE;
				CLANG_CXX_LANGUAGE_STANDARD = "gnu++14";
				CLANG_CXX_LIBRARY = "libc++";
				CLANG_ENABLE_MODULES = YES;
				CLANG_ENABLE_OBJC_ARC = YES;
				CLANG_ENABLE_OBJC_WEAK = YES;
				CLANG_WARN_BLOCK_CAPTURE_AUTORELEASING = YES;
				CLANG_WARN_BOOL_CONVERSION = YES;
				CLANG_WARN_COMMA = YES;
				CLANG_WARN_CONSTANT_CONVERSION = YES;
				CLANG_WARN_DEPRECATED_OBJC_IMPLEMENTATIONS = YES;
				CLANG_WARN_DIRECT_OBJC_ISA_USAGE = YES_ERROR;
				CLANG_WARN_DOCUMENTATION_COMMENTS = YES;
				CLANG_WARN_EMPTY_BODY = YES;
				CLANG_WARN_ENUM_CONVERSION = YES;
				CLANG_WARN_INFINITE_RECURSION = YES;
				CLANG_WARN_INT_CONVERSION = YES;
				CLANG_WARN_NON_LITERAL_NULL_CONVERSION = YES;
				CLANG_WARN_OBJC_IMPLICIT_RETAIN_SELF = YES;
				CLANG_WARN_OBJC_LITERAL_CONVERSION = YES;
				CLANG_WARN_OBJC_ROOT_CLASS = YES_ERROR;
				CLANG_WARN_RANGE_LOOP_ANALYSIS = YES;
				CLANG_WARN_STRICT_PROTOTYPES = YES;
				CLANG_WARN_SUSPICIOUS_MOVE = YES;
				CLANG_WARN_UNGUARDED_AVAILABILITY = YES_AGGRESSIVE;
				CLANG_WARN_UNREACHABLE_CODE = YES;
				CLANG_WARN__DUPLICATE_METHOD_MATCH = YES;
				CODE_SIGN_IDENTITY = "iPhone Developer";
				COPY_PHASE_STRIP = NO;
				DEBUG_INFORMATION_FORMAT = dwarf;
				ENABLE_STRICT_OBJC_MSGSEND = YES;
				ENABLE_TESTABILITY = YES;
				GCC_C_LANGUAGE_STANDARD = gnu11;
				GCC_DYNAMIC_NO_PIC = NO;
				GCC_NO_COMMON_BLOCKS = YES;
				GCC_OPTIMIZATION_LEVEL = 0;
				GCC_PREPROCESSOR_DEFINITIONS = (
					"DEBUG=1",
					"$(inherited)",
				);
				GCC_WARN_64_TO_32_BIT_CONVERSION = YES;
				GCC_WARN_ABOUT_RETURN_TYPE = YES_ERROR;
				GCC_WARN_UNDECLARED_SELECTOR = YES;
				GCC_WARN_UNINITIALIZED_AUTOS = YES_AGGRESSIVE;
				GCC_WARN_UNUSED_FUNCTION = YES;
				GCC_WARN_UNUSED_VARIABLE = YES;
				IPHONEOS_DEPLOYMENT_TARGET = 11.4;
				MTL_ENABLE_DEBUG_INFO = YES;
				ONLY_ACTIVE_ARCH = YES;
				SDKROOT = iphoneos;
				SWIFT_ACTIVE_COMPILATION_CONDITIONS = DEBUG;
				SWIFT_OPTIMIZATION_LEVEL = "-Onone";
			};
			name = Debug;
		};
		18AC70E6210209A300A164C9 /* Release */ = {
			isa = XCBuildConfiguration;
			buildSettings = {
				ALWAYS_SEARCH_USER_PATHS = NO;
				CLANG_ANALYZER_NONNULL = YES;
				CLANG_ANALYZER_NUMBER_OBJECT_CONVERSION = YES_AGGRESSIVE;
				CLANG_CXX_LANGUAGE_STANDARD = "gnu++14";
				CLANG_CXX_LIBRARY = "libc++";
				CLANG_ENABLE_MODULES = YES;
				CLANG_ENABLE_OBJC_ARC = YES;
				CLANG_ENABLE_OBJC_WEAK = YES;
				CLANG_WARN_BLOCK_CAPTURE_AUTORELEASING = YES;
				CLANG_WARN_BOOL_CONVERSION = YES;
				CLANG_WARN_COMMA = YES;
				CLANG_WARN_CONSTANT_CONVERSION = YES;
				CLANG_WARN_DEPRECATED_OBJC_IMPLEMENTATIONS = YES;
				CLANG_WARN_DIRECT_OBJC_ISA_USAGE = YES_ERROR;
				CLANG_WARN_DOCUMENTATION_COMMENTS = YES;
				CLANG_WARN_EMPTY_BODY = YES;
				CLANG_WARN_ENUM_CONVERSION = YES;
				CLANG_WARN_INFINITE_RECURSION = YES;
				CLANG_WARN_INT_CONVERSION = YES;
				CLANG_WARN_NON_LITERAL_NULL_CONVERSION = YES;
				CLANG_WARN_OBJC_IMPLICIT_RETAIN_SELF = YES;
				CLANG_WARN_OBJC_LITERAL_CONVERSION = YES;
				CLANG_WARN_OBJC_ROOT_CLASS = YES_ERROR;
				CLANG_WARN_RANGE_LOOP_ANALYSIS = YES;
				CLANG_WARN_STRICT_PROTOTYPES = YES;
				CLANG_WARN_SUSPICIOUS_MOVE = YES;
				CLANG_WARN_UNGUARDED_AVAILABILITY = YES_AGGRESSIVE;
				CLANG_WARN_UNREACHABLE_CODE = YES;
				CLANG_WARN__DUPLICATE_METHOD_MATCH = YES;
				CODE_SIGN_IDENTITY = "iPhone Developer";
				COPY_PHASE_STRIP = NO;
				DEBUG_INFORMATION_FORMAT = "dwarf-with-dsym";
				ENABLE_NS_ASSERTIONS = NO;
				ENABLE_STRICT_OBJC_MSGSEND = YES;
				GCC_C_LANGUAGE_STANDARD = gnu11;
				GCC_NO_COMMON_BLOCKS = YES;
				GCC_WARN_64_TO_32_BIT_CONVERSION = YES;
				GCC_WARN_ABOUT_RETURN_TYPE = YES_ERROR;
				GCC_WARN_UNDECLARED_SELECTOR = YES;
				GCC_WARN_UNINITIALIZED_AUTOS = YES_AGGRESSIVE;
				GCC_WARN_UNUSED_FUNCTION = YES;
				GCC_WARN_UNUSED_VARIABLE = YES;
				IPHONEOS_DEPLOYMENT_TARGET = 11.4;
				MTL_ENABLE_DEBUG_INFO = NO;
				SDKROOT = iphoneos;
				SWIFT_COMPILATION_MODE = wholemodule;
				SWIFT_OPTIMIZATION_LEVEL = "-O";
				VALIDATE_PRODUCT = YES;
			};
			name = Release;
		};
		18AC70E8210209A300A164C9 /* Debug */ = {
			isa = XCBuildConfiguration;
			baseConfigurationReference = 85C01FF1B5295D69092DB689 /* Pods-YJSliderView.debug.xcconfig */;
			buildSettings = {
				ASSETCATALOG_COMPILER_APPICON_NAME = AppIcon;
				CODE_SIGN_STYLE = Automatic;
				DEVELOPMENT_TEAM = 33L3L2F8ZA;
				INFOPLIST_FILE = YJSliderView/Info.plist;
				LD_RUNPATH_SEARCH_PATHS = (
					"$(inherited)",
					"@executable_path/Frameworks",
				);
				PRODUCT_BUNDLE_IDENTIFIER = com.Leo.YJSliderView;
				PRODUCT_NAME = "$(TARGET_NAME)";
				SWIFT_VERSION = 4.0;
				TARGETED_DEVICE_FAMILY = "1,2";
			};
			name = Debug;
		};
		18AC70E9210209A300A164C9 /* Release */ = {
			isa = XCBuildConfiguration;
			baseConfigurationReference = A32777EA9ED887DC47B229F1 /* Pods-YJSliderView.release.xcconfig */;
			buildSettings = {
				ASSETCATALOG_COMPILER_APPICON_NAME = AppIcon;
				CODE_SIGN_STYLE = Automatic;
				DEVELOPMENT_TEAM = 33L3L2F8ZA;
				INFOPLIST_FILE = YJSliderView/Info.plist;
				LD_RUNPATH_SEARCH_PATHS = (
					"$(inherited)",
					"@executable_path/Frameworks",
				);
				PRODUCT_BUNDLE_IDENTIFIER = com.Leo.YJSliderView;
				PRODUCT_NAME = "$(TARGET_NAME)";
				SWIFT_VERSION = 4.0;
				TARGETED_DEVICE_FAMILY = "1,2";
			};
			name = Release;
		};
/* End XCBuildConfiguration section */

/* Begin XCConfigurationList section */
		18AC70D0210209A100A164C9 /* Build configuration list for PBXProject "YJSliderView" */ = {
			isa = XCConfigurationList;
			buildConfigurations = (
				18AC70E5210209A300A164C9 /* Debug */,
				18AC70E6210209A300A164C9 /* Release */,
			);
			defaultConfigurationIsVisible = 0;
			defaultConfigurationName = Release;
		};
		18AC70E7210209A300A164C9 /* Build configuration list for PBXNativeTarget "YJSliderView" */ = {
			isa = XCConfigurationList;
			buildConfigurations = (
				18AC70E8210209A300A164C9 /* Debug */,
				18AC70E9210209A300A164C9 /* Release */,
			);
			defaultConfigurationIsVisible = 0;
			defaultConfigurationName = Release;
		};
/* End XCConfigurationList section */
	};
	rootObject = 18AC70CD210209A100A164C9 /* Project object */;
}
